Microsoft Visual Studio Solution File, Format Version 11.00
# Visual Studio 2008

Project("{FB7ED74E-EB3A-D65D-D5E3-C06C3226EAE8}") = "MixedRealitywithLaserWhiteboard", "Assembly-CSharp-vs.csproj", "{740AE140-4813-67BE-5D9A-7811B13BE47D}"
EndProject
Project("{FB7ED74E-EB3A-D65D-D5E3-C06C3226EAE8}") = "MixedRealitywithLaserWhiteboard", "Assembly-CSharp-Editor-vs.csproj", "{F39F15C9-167B-A836-9156-2FB5AA014ADE}"
EndProject
Global
	GlobalSection(SolutionConfigurationPlatforms) = preSolution
		Debug|Any CPU = Debug|Any CPU
		Release|Any CPU = Release|Any CPU
	EndGlobalSection
	GlobalSection(ProjectConfigurationPlatforms) = postSolution
		{740AE140-4813-67BE-5D9A-7811B13BE47D}.Debug|Any CPU.ActiveCfg = Debug|Any CPU
		{740AE140-4813-67BE-5D9A-7811B13BE47D}.Debug|Any CPU.Build.0 = Debug|Any CPU
		{740AE140-4813-67BE-5D9A-7811B13BE47D}.Release|Any CPU.ActiveCfg = Release|Any CPU
		{740AE140-4813-67BE-5D9A-7811B13BE47D}.Release|Any CPU.Build.0 = Release|Any CPU
		{F39F15C9-167B-A836-9156-2FB5AA014ADE}.Debug|Any CPU.ActiveCfg = Debug|Any CPU
		{F39F15C9-167B-A836-9156-2FB5AA014ADE}.Debug|Any CPU.Build.0 = Debug|Any CPU
		{F39F15C9-167B-A836-9156-2FB5AA014ADE}.Release|Any CPU.ActiveCfg = Release|Any CPU
		{F39F15C9-167B-A836-9156-2FB5AA014ADE}.Release|Any CPU.Build.0 = Release|Any CPU
	EndGlobalSection
	GlobalSection(SolutionProperties) = preSolution
		HideSolutionNode = FALSE
	EndGlobalSection
					GlobalSection(MonoDevelopProperties) = preSolution
		StartupItem = Assembly-CSharp.csproj
		Policies = $0
		$0.TextStylePolicy = $1
		$1.inheritsSet = null
		$1.scope = text/x-csharp
		$0.CSharpFormattingPolicy = $2
		$2.inheritsSet = Mono
		$2.inheritsScope = text/x-csharp
		$2.scope = text/x-csharp
		$0.TextStylePolicy = $3
		$3.FileWidth = 120
		$3.TabWidth = 4
		$3.EolMarker = Unix
		$3.inheritsSet = Mono
		$3.inheritsScope = text/plain
		$3.scope = text/plain
	EndGlobalSection

EndGlobal
